
Microsoft Visual Studio Solution File, Format Version 12.00
# Visual Studio 15
VisualStudioVersion = 15.0.28307.271
MinimumVisualStudioVersion = 10.0.40219.1
Project("{FAE04EC0-301F-11D3-BF4B-00C04F79EFBC}") = "AktivnostiStudenata_gui", "AktivnostiStudenata_gui\AktivnostiStudenata_gui.csproj", "{FA426043-E5ED-49B3-A42A-9803C3867693}"
EndProject
Global
	GlobalSection(SolutionConfigurationPlatforms) = preSolution
		Debug|Any CPU = Debug|Any CPU
		Release|Any CPU = Release|Any CPU
	EndGlobalSection
	GlobalSection(ProjectConfigurationPlatforms) = postSolution
		{FA426043-E5ED-49B3-A42A-9803C3867693}.Debug|Any CPU.ActiveCfg = Debug|Any CPU
		{FA426043-E5ED-49B3-A42A-9803C3867693}.Debug|Any CPU.Build.0 = Debug|Any CPU
		{FA426043-E5ED-49B3-A42A-9803C3867693}.Release|Any CPU.ActiveCfg = Release|Any CPU
		{FA426043-E5ED-49B3-A42A-9803C3867693}.Release|Any CPU.Build.0 = Release|Any CPU
	EndGlobalSection
	GlobalSection(SolutionProperties) = preSolution
		HideSolutionNode = FALSE
	EndGlobalSection
	GlobalSection(ExtensibilityGlobals) = postSolution
		SolutionGuid = {A942B73E-68CB-44F7-B122-0DC994BE02EE}
	EndGlobalSection
EndGlobal
